
Microsoft Visual Studio Solution File, Format Version 12.00
# Visual Studio Version 16
VisualStudioVersion = 16.0.29519.181
MinimumVisualStudioVersion = 10.0.40219.1
Project("{FAE04EC0-301F-11D3-BF4B-00C04F79EFBC}") = "App3", "App3\App3.csproj", "{D2BBB47F-59B3-41FE-B96F-C598E4EBD8A1}"
EndProject
Global
	GlobalSection(SolutionConfigurationPlatforms) = preSolution
		Debug|Any CPU = Debug|Any CPU
		Release|Any CPU = Release|Any CPU
	EndGlobalSection
	GlobalSection(ProjectConfigurationPlatforms) = postSolution
		{D2BBB47F-59B3-41FE-B96F-C598E4EBD8A1}.Debug|Any CPU.ActiveCfg = Debug|Any CPU
		{D2BBB47F-59B3-41FE-B96F-C598E4EBD8A1}.Debug|Any CPU.Build.0 = Debug|Any CPU
		{D2BBB47F-59B3-41FE-B96F-C598E4EBD8A1}.Release|Any CPU.ActiveCfg = Release|Any CPU
		{D2BBB47F-59B3-41FE-B96F-C598E4EBD8A1}.Release|Any CPU.Build.0 = Release|Any CPU
	EndGlobalSection
	GlobalSection(SolutionProperties) = preSolution
		HideSolutionNode = FALSE
	EndGlobalSection
	GlobalSection(ExtensibilityGlobals) = postSolution
		SolutionGuid = {0AF567EF-DE4F-457E-8ECD-2C73ED50F35C}
	EndGlobalSection
EndGlobal
